
Microsoft Visual Studio Solution File, Format Version 12.00
# Visual Studio Version 17
VisualStudioVersion = 17.3.32901.215
MinimumVisualStudioVersion = 10.0.40219.1
Project("{FAE04EC0-301F-11D3-BF4B-00C04F79EFBC}") = "PummelPartyHacks", "PummelPartyHacks\PummelPartyHacks.csproj", "{BCC5D6CD-B5CD-4C34-8D10-B5D2C65DBE40}"
EndProject
Global
	GlobalSection(SolutionConfigurationPlatforms) = preSolution
		Debug|Any CPU = Debug|Any CPU
		Release|Any CPU = Release|Any CPU
	EndGlobalSection
	GlobalSection(ProjectConfigurationPlatforms) = postSolution
		{BCC5D6CD-B5CD-4C34-8D10-B5D2C65DBE40}.Debug|Any CPU.ActiveCfg = Debug|Any CPU
		{BCC5D6CD-B5CD-4C34-8D10-B5D2C65DBE40}.Debug|Any CPU.Build.0 = Debug|Any CPU
		{BCC5D6CD-B5CD-4C34-8D10-B5D2C65DBE40}.Release|Any CPU.ActiveCfg = Release|Any CPU
		{BCC5D6CD-B5CD-4C34-8D10-B5D2C65DBE40}.Release|Any CPU.Build.0 = Release|Any CPU
	EndGlobalSection
	GlobalSection(SolutionProperties) = preSolution
		HideSolutionNode = FALSE
	EndGlobalSection
	GlobalSection(ExtensibilityGlobals) = postSolution
		SolutionGuid = {0BF9A1BF-05DF-40B5-A00C-0AFC8E6A42BA}
	EndGlobalSection
EndGlobal
