
Microsoft Visual Studio Solution File, Format Version 12.00
# Visual Studio Version 17
VisualStudioVersion = 17.3.32901.215
MinimumVisualStudioVersion = 10.0.40219.1
Project("{8BC9CEB8-8B4A-11D0-8D11-00A0C91BC942}") = "CyberpunkHack", "CyberpunkHack\CyberpunkHack.vcxproj", "{343FD73E-4934-4605-A219-4F8975E58E4C}"
EndProject
Global
	GlobalSection(SolutionConfigurationPlatforms) = preSolution
		Debug|x64 = Debug|x64
		Debug|x86 = Debug|x86
		Release|x64 = Release|x64
		Release|x86 = Release|x86
	EndGlobalSection
	GlobalSection(ProjectConfigurationPlatforms) = postSolution
		{343FD73E-4934-4605-A219-4F8975E58E4C}.Debug|x64.ActiveCfg = Debug|x64
		{343FD73E-4934-4605-A219-4F8975E58E4C}.Debug|x64.Build.0 = Debug|x64
		{343FD73E-4934-4605-A219-4F8975E58E4C}.Debug|x86.ActiveCfg = Debug|Win32
		{343FD73E-4934-4605-A219-4F8975E58E4C}.Debug|x86.Build.0 = Debug|Win32
		{343FD73E-4934-4605-A219-4F8975E58E4C}.Release|x64.ActiveCfg = Release|x64
		{343FD73E-4934-4605-A219-4F8975E58E4C}.Release|x64.Build.0 = Release|x64
		{343FD73E-4934-4605-A219-4F8975E58E4C}.Release|x86.ActiveCfg = Release|Win32
		{343FD73E-4934-4605-A219-4F8975E58E4C}.Release|x86.Build.0 = Release|Win32
	EndGlobalSection
	GlobalSection(SolutionProperties) = preSolution
		HideSolutionNode = FALSE
	EndGlobalSection
	GlobalSection(ExtensibilityGlobals) = postSolution
		SolutionGuid = {203D076C-FA5A-4776-AFEE-1E7B4BE906D4}
	EndGlobalSection
EndGlobal
